
Microsoft Visual Studio Solution File, Format Version 12.00
# Visual Studio Version 17
VisualStudioVersion = 17.6.33829.357
MinimumVisualStudioVersion = 10.0.40219.1
Project("{9A19103F-16F7-4668-BE54-9A1E7A4F7556}") = "MyProject", "MyProject\MyProject.csproj", "{2AFC70D9-E9BC-4449-BC8F-E296652E4111}"
EndProject
Project("{9A19103F-16F7-4668-BE54-9A1E7A4F7556}") = "Repository", "Repository\Repository.csproj", "{F5A0B0E0-BE7D-468E-BDD0-0E13818A360B}"
EndProject
Project("{9A19103F-16F7-4668-BE54-9A1E7A4F7556}") = "Service", "Service\Service.csproj", "{96837B95-D0A5-4EE2-8086-9336173E8333}"
EndProject
Project("{9A19103F-16F7-4668-BE54-9A1E7A4F7556}") = "Mock", "Mock\Mock.csproj", "{EC6EC498-8BDE-4A0B-A671-0A2489108394}"
EndProject
Project("{9A19103F-16F7-4668-BE54-9A1E7A4F7556}") = "Common", "Common\Common.csproj", "{9228CC6C-D8C3-4B0E-A568-0F1A59655250}"
EndProject
Global
	GlobalSection(SolutionConfigurationPlatforms) = preSolution
		Debug|Any CPU = Debug|Any CPU
		Release|Any CPU = Release|Any CPU
	EndGlobalSection
	GlobalSection(ProjectConfigurationPlatforms) = postSolution
		{2AFC70D9-E9BC-4449-BC8F-E296652E4111}.Debug|Any CPU.ActiveCfg = Debug|Any CPU
		{2AFC70D9-E9BC-4449-BC8F-E296652E4111}.Debug|Any CPU.Build.0 = Debug|Any CPU
		{2AFC70D9-E9BC-4449-BC8F-E296652E4111}.Release|Any CPU.ActiveCfg = Release|Any CPU
		{2AFC70D9-E9BC-4449-BC8F-E296652E4111}.Release|Any CPU.Build.0 = Release|Any CPU
		{F5A0B0E0-BE7D-468E-BDD0-0E13818A360B}.Debug|Any CPU.ActiveCfg = Debug|Any CPU
		{F5A0B0E0-BE7D-468E-BDD0-0E13818A360B}.Debug|Any CPU.Build.0 = Debug|Any CPU
		{F5A0B0E0-BE7D-468E-BDD0-0E13818A360B}.Release|Any CPU.ActiveCfg = Release|Any CPU
		{F5A0B0E0-BE7D-468E-BDD0-0E13818A360B}.Release|Any CPU.Build.0 = Release|Any CPU
		{96837B95-D0A5-4EE2-8086-9336173E8333}.Debug|Any CPU.ActiveCfg = Debug|Any CPU
		{96837B95-D0A5-4EE2-8086-9336173E8333}.Debug|Any CPU.Build.0 = Debug|Any CPU
		{96837B95-D0A5-4EE2-8086-9336173E8333}.Release|Any CPU.ActiveCfg = Release|Any CPU
		{96837B95-D0A5-4EE2-8086-9336173E8333}.Release|Any CPU.Build.0 = Release|Any CPU
		{EC6EC498-8BDE-4A0B-A671-0A2489108394}.Debug|Any CPU.ActiveCfg = Debug|Any CPU
		{EC6EC498-8BDE-4A0B-A671-0A2489108394}.Debug|Any CPU.Build.0 = Debug|Any CPU
		{EC6EC498-8BDE-4A0B-A671-0A2489108394}.Release|Any CPU.ActiveCfg = Release|Any CPU
		{EC6EC498-8BDE-4A0B-A671-0A2489108394}.Release|Any CPU.Build.0 = Release|Any CPU
		{9228CC6C-D8C3-4B0E-A568-0F1A59655250}.Debug|Any CPU.ActiveCfg = Debug|Any CPU
		{9228CC6C-D8C3-4B0E-A568-0F1A59655250}.Debug|Any CPU.Build.0 = Debug|Any CPU
		{9228CC6C-D8C3-4B0E-A568-0F1A59655250}.Release|Any CPU.ActiveCfg = Release|Any CPU
		{9228CC6C-D8C3-4B0E-A568-0F1A59655250}.Release|Any CPU.Build.0 = Release|Any CPU
	EndGlobalSection
	GlobalSection(SolutionProperties) = preSolution
		HideSolutionNode = FALSE
	EndGlobalSection
	GlobalSection(ExtensibilityGlobals) = postSolution
		SolutionGuid = {A0D284FD-6ACB-4379-971B-D480435B2E93}
	EndGlobalSection
EndGlobal
